
Microsoft Visual Studio Solution File, Format Version 12.00
# Visual Studio 15
VisualStudioVersion = 15.0.27004.2005
MinimumVisualStudioVersion = 10.0.40219.1
Project("{FAE04EC0-301F-11D3-BF4B-00C04F79EFBC}") = "SubsystemA", "SubsystemA\SubsystemA.csproj", "{7B3DF4DD-CAEA-4AF1-9EC6-86ED2DB9D5B9}"
EndProject
Project("{FAE04EC0-301F-11D3-BF4B-00C04F79EFBC}") = "ClassLibrary", "ClassLibrary\ClassLibrary.csproj", "{A0DDB358-4C30-488A-900C-F1BA17533BCD}"
EndProject
Project("{FAE04EC0-301F-11D3-BF4B-00C04F79EFBC}") = "SubsystemC", "SubsystemC\SubsystemC.csproj", "{EDA5DEFA-F3CE-4CD6-BD10-1D6C857A6C0E}"
EndProject
Project("{FAE04EC0-301F-11D3-BF4B-00C04F79EFBC}") = "SubsystemB", "SubsystemB\SubsystemB.csproj", "{F710C4EB-9A8F-4715-AFBF-74CAC4DC26D4}"
EndProject
Global
	GlobalSection(SolutionConfigurationPlatforms) = preSolution
		Debug|Any CPU = Debug|Any CPU
		Release|Any CPU = Release|Any CPU
	EndGlobalSection
	GlobalSection(ProjectConfigurationPlatforms) = postSolution
		{7B3DF4DD-CAEA-4AF1-9EC6-86ED2DB9D5B9}.Debug|Any CPU.ActiveCfg = Debug|Any CPU
		{7B3DF4DD-CAEA-4AF1-9EC6-86ED2DB9D5B9}.Debug|Any CPU.Build.0 = Debug|Any CPU
		{7B3DF4DD-CAEA-4AF1-9EC6-86ED2DB9D5B9}.Release|Any CPU.ActiveCfg = Release|Any CPU
		{7B3DF4DD-CAEA-4AF1-9EC6-86ED2DB9D5B9}.Release|Any CPU.Build.0 = Release|Any CPU
		{A0DDB358-4C30-488A-900C-F1BA17533BCD}.Debug|Any CPU.ActiveCfg = Debug|Any CPU
		{A0DDB358-4C30-488A-900C-F1BA17533BCD}.Debug|Any CPU.Build.0 = Debug|Any CPU
		{A0DDB358-4C30-488A-900C-F1BA17533BCD}.Release|Any CPU.ActiveCfg = Release|Any CPU
		{A0DDB358-4C30-488A-900C-F1BA17533BCD}.Release|Any CPU.Build.0 = Release|Any CPU
		{EDA5DEFA-F3CE-4CD6-BD10-1D6C857A6C0E}.Debug|Any CPU.ActiveCfg = Debug|Any CPU
		{EDA5DEFA-F3CE-4CD6-BD10-1D6C857A6C0E}.Debug|Any CPU.Build.0 = Debug|Any CPU
		{EDA5DEFA-F3CE-4CD6-BD10-1D6C857A6C0E}.Release|Any CPU.ActiveCfg = Release|Any CPU
		{EDA5DEFA-F3CE-4CD6-BD10-1D6C857A6C0E}.Release|Any CPU.Build.0 = Release|Any CPU
		{F710C4EB-9A8F-4715-AFBF-74CAC4DC26D4}.Debug|Any CPU.ActiveCfg = Debug|Any CPU
		{F710C4EB-9A8F-4715-AFBF-74CAC4DC26D4}.Debug|Any CPU.Build.0 = Debug|Any CPU
		{F710C4EB-9A8F-4715-AFBF-74CAC4DC26D4}.Release|Any CPU.ActiveCfg = Release|Any CPU
		{F710C4EB-9A8F-4715-AFBF-74CAC4DC26D4}.Release|Any CPU.Build.0 = Release|Any CPU
	EndGlobalSection
	GlobalSection(SolutionProperties) = preSolution
		HideSolutionNode = FALSE
	EndGlobalSection
	GlobalSection(ExtensibilityGlobals) = postSolution
		SolutionGuid = {CC0111C7-576C-46B9-88B4-737C17D39037}
	EndGlobalSection
EndGlobal
